
Microsoft Visual Studio Solution File, Format Version 12.00
# Visual Studio 15
Project("{FAE04EC0-301F-11D3-BF4B-00C04F79EFBC}") = "Assembly-CSharp", "Assembly-CSharp.csproj", "{718F8C6B-8C55-4B05-FF3B-4309E37F5BFF}"
EndProject
Global
	GlobalSection(SolutionConfigurationPlatforms) = preSolution
		Debug|Any CPU = Debug|Any CPU
		Release|Any CPU = Release|Any CPU
	EndGlobalSection
	GlobalSection(ProjectConfigurationPlatforms) = postSolution
		{718F8C6B-8C55-4B05-FF3B-4309E37F5BFF}.Debug|Any CPU.ActiveCfg = Debug|Any CPU
		{718F8C6B-8C55-4B05-FF3B-4309E37F5BFF}.Debug|Any CPU.Build.0 = Debug|Any CPU
		{718F8C6B-8C55-4B05-FF3B-4309E37F5BFF}.Release|Any CPU.ActiveCfg = Release|Any CPU
		{718F8C6B-8C55-4B05-FF3B-4309E37F5BFF}.Release|Any CPU.Build.0 = Release|Any CPU
	EndGlobalSection
	GlobalSection(SolutionProperties) = preSolution
		HideSolutionNode = FALSE
	EndGlobalSection
EndGlobal
